
Microsoft Visual Studio Solution File, Format Version 12.00
# Visual Studio Version 17
VisualStudioVersion = 17.8.34330.188
MinimumVisualStudioVersion = 10.0.40219.1
Project("{FAE04EC0-301F-11D3-BF4B-00C04F79EFBC}") = "Convertidor_De_Archivos", "Convertidor_De_Archivos\Convertidor_De_Archivos.csproj", "{E0407A74-3CD6-4909-9591-A7D14BAD2907}"
EndProject
Global
	GlobalSection(SolutionConfigurationPlatforms) = preSolution
		Debug|Any CPU = Debug|Any CPU
		Release|Any CPU = Release|Any CPU
	EndGlobalSection
	GlobalSection(ProjectConfigurationPlatforms) = postSolution
		{E0407A74-3CD6-4909-9591-A7D14BAD2907}.Debug|Any CPU.ActiveCfg = Debug|Any CPU
		{E0407A74-3CD6-4909-9591-A7D14BAD2907}.Debug|Any CPU.Build.0 = Debug|Any CPU
		{E0407A74-3CD6-4909-9591-A7D14BAD2907}.Release|Any CPU.ActiveCfg = Release|Any CPU
		{E0407A74-3CD6-4909-9591-A7D14BAD2907}.Release|Any CPU.Build.0 = Release|Any CPU
	EndGlobalSection
	GlobalSection(SolutionProperties) = preSolution
		HideSolutionNode = FALSE
	EndGlobalSection
	GlobalSection(ExtensibilityGlobals) = postSolution
		SolutionGuid = {8027C90C-98B3-4871-95CC-61C46E03869E}
	EndGlobalSection
EndGlobal
